{
  "name": "assets",
  "lockfileVersion": 2,
  "requires": true,
  "packages": {
    "": {
      "dependencies": {
        "martinez-polygon-clipping": "^0.7.1"
      }
    },
    "node_modules/martinez-polygon-clipping": {
      "version": "0.7.1",
      "resolved": "https://registry.npmjs.org/martinez-polygon-clipping/-/martinez-polygon-clipping-0.7.1.tgz",
      "integrity": "sha512-Xt5hOjAVkRoGN7kUb/0VmkxcG07Ja+OA3qU+7YcY2pAlJ78V1G181VTozHCXpzlj0paNBbcLno77mcGeGStI0A==",
      "dependencies": {
        "robust-predicates": "^2.0.4",
        "splaytree": "^0.1.4",
        "tinyqueue": "^1.2.0"
      }
    },
    "node_modules/robust-predicates": {
      "version": "2.0.4",
      "resolved": "https://registry.npmjs.org/robust-predicates/-/robust-predicates-2.0.4.tgz",
      "integrity": "sha512-l4NwboJM74Ilm4VKfbAtFeGq7aEjWL+5kVFcmgFA2MrdnQWx9iE/tUGvxY5HyMI7o/WpSIUFLbC5fbeaHgSCYg=="
    },
    "node_modules/splaytree": {
      "version": "0.1.4",
      "resolved": "https://registry.npmjs.org/splaytree/-/splaytree-0.1.4.tgz",
      "integrity": "sha512-D50hKrjZgBzqD3FT2Ek53f2dcDLAQT8SSGrzj3vidNH5ISRgceeGVJ2dQIthKOuayqFXfFjXheHNo4bbt9LhRQ=="
    },
    "node_modules/tinyqueue": {
      "version": "1.2.3",
      "resolved": "https://registry.npmjs.org/tinyqueue/-/tinyqueue-1.2.3.tgz",
      "integrity": "sha512-Qz9RgWuO9l8lT+Y9xvbzhPT2efIUIFd69N7eF7tJ9lnQl0iLj1M7peK7IoUGZL9DJHw9XftqLreccfxcQgYLxA=="
    }
  },
  "dependencies": {
    "martinez-polygon-clipping": {
      "version": "0.7.1",
      "resolved": "https://registry.npmjs.org/martinez-polygon-clipping/-/martinez-polygon-clipping-0.7.1.tgz",
      "integrity": "sha512-Xt5hOjAVkRoGN7kUb/0VmkxcG07Ja+OA3qU+7YcY2pAlJ78V1G181VTozHCXpzlj0paNBbcLno77mcGeGStI0A==",
      "requires": {
        "robust-predicates": "^2.0.4",
        "splaytree": "^0.1.4",
        "tinyqueue": "^1.2.0"
      }
    },
    "robust-predicates": {
      "version": "2.0.4",
      "resolved": "https://registry.npmjs.org/robust-predicates/-/robust-predicates-2.0.4.tgz",
      "integrity": "sha512-l4NwboJM74Ilm4VKfbAtFeGq7aEjWL+5kVFcmgFA2MrdnQWx9iE/tUGvxY5HyMI7o/WpSIUFLbC5fbeaHgSCYg=="
    },
    "splaytree": {
      "version": "0.1.4",
      "resolved": "https://registry.npmjs.org/splaytree/-/splaytree-0.1.4.tgz",
      "integrity": "sha512-D50hKrjZgBzqD3FT2Ek53f2dcDLAQT8SSGrzj3vidNH5ISRgceeGVJ2dQIthKOuayqFXfFjXheHNo4bbt9LhRQ=="
    },
    "tinyqueue": {
      "version": "1.2.3",
      "resolved": "https://registry.npmjs.org/tinyqueue/-/tinyqueue-1.2.3.tgz",
      "integrity": "sha512-Qz9RgWuO9l8lT+Y9xvbzhPT2efIUIFd69N7eF7tJ9lnQl0iLj1M7peK7IoUGZL9DJHw9XftqLreccfxcQgYLxA=="
    }
  }
}
